
Microsoft Visual Studio Solution File, Format Version 12.00
# Visual Studio 15
VisualStudioVersion = 15.0.26124.0
MinimumVisualStudioVersion = 15.0.26124.0
Project("{FAE04EC0-301F-11D3-BF4B-00C04F79EFBC}") = "MvcMovie", "MvcMovie\MvcMovie.csproj", "{3AD80329-C24D-4814-A4DE-F41DBF3F7A77}"
EndProject
Project("{FAE04EC0-301F-11D3-BF4B-00C04F79EFBC}") = "MvcMovie.Tests.Unit", "MvcMovie.Tests.Unit\MvcMovie.Tests.Unit.csproj", "{76ADAB5B-9252-4C50-93C4-B22EA09766CF}"
EndProject
Project("{FAE04EC0-301F-11D3-BF4B-00C04F79EFBC}") = "MvcMovie.Tests.Integration", "MvcMovie.Tests.Integration\MvcMovie.Tests.Integration.csproj", "{1C7BB639-0659-458A-AF55-4EE84EA88B36}"
EndProject
Project("{FAE04EC0-301F-11D3-BF4B-00C04F79EFBC}") = "MvcMovie.Tests.Benchmarks", "MvcMovie.Tests.Benchmarks\MvcMovie.Tests.Benchmarks.csproj", "{2A9C4D6D-992A-41E3-B14F-676754AEFD97}"
EndProject
Global
	GlobalSection(SolutionConfigurationPlatforms) = preSolution
		Debug|Any CPU = Debug|Any CPU
		Debug|x64 = Debug|x64
		Debug|x86 = Debug|x86
		Release|Any CPU = Release|Any CPU
		Release|x64 = Release|x64
		Release|x86 = Release|x86
	EndGlobalSection
	GlobalSection(SolutionProperties) = preSolution
		HideSolutionNode = FALSE
	EndGlobalSection
	GlobalSection(ProjectConfigurationPlatforms) = postSolution
		{3AD80329-C24D-4814-A4DE-F41DBF3F7A77}.Debug|Any CPU.ActiveCfg = Debug|Any CPU
		{3AD80329-C24D-4814-A4DE-F41DBF3F7A77}.Debug|Any CPU.Build.0 = Debug|Any CPU
		{3AD80329-C24D-4814-A4DE-F41DBF3F7A77}.Debug|x64.ActiveCfg = Debug|Any CPU
		{3AD80329-C24D-4814-A4DE-F41DBF3F7A77}.Debug|x64.Build.0 = Debug|Any CPU
		{3AD80329-C24D-4814-A4DE-F41DBF3F7A77}.Debug|x86.ActiveCfg = Debug|Any CPU
		{3AD80329-C24D-4814-A4DE-F41DBF3F7A77}.Debug|x86.Build.0 = Debug|Any CPU
		{3AD80329-C24D-4814-A4DE-F41DBF3F7A77}.Release|Any CPU.ActiveCfg = Release|Any CPU
		{3AD80329-C24D-4814-A4DE-F41DBF3F7A77}.Release|Any CPU.Build.0 = Release|Any CPU
		{3AD80329-C24D-4814-A4DE-F41DBF3F7A77}.Release|x64.ActiveCfg = Release|Any CPU
		{3AD80329-C24D-4814-A4DE-F41DBF3F7A77}.Release|x64.Build.0 = Release|Any CPU
		{3AD80329-C24D-4814-A4DE-F41DBF3F7A77}.Release|x86.ActiveCfg = Release|Any CPU
		{3AD80329-C24D-4814-A4DE-F41DBF3F7A77}.Release|x86.Build.0 = Release|Any CPU
		{76ADAB5B-9252-4C50-93C4-B22EA09766CF}.Debug|Any CPU.ActiveCfg = Debug|Any CPU
		{76ADAB5B-9252-4C50-93C4-B22EA09766CF}.Debug|Any CPU.Build.0 = Debug|Any CPU
		{76ADAB5B-9252-4C50-93C4-B22EA09766CF}.Debug|x64.ActiveCfg = Debug|Any CPU
		{76ADAB5B-9252-4C50-93C4-B22EA09766CF}.Debug|x64.Build.0 = Debug|Any CPU
		{76ADAB5B-9252-4C50-93C4-B22EA09766CF}.Debug|x86.ActiveCfg = Debug|Any CPU
		{76ADAB5B-9252-4C50-93C4-B22EA09766CF}.Debug|x86.Build.0 = Debug|Any CPU
		{76ADAB5B-9252-4C50-93C4-B22EA09766CF}.Release|Any CPU.ActiveCfg = Release|Any CPU
		{76ADAB5B-9252-4C50-93C4-B22EA09766CF}.Release|Any CPU.Build.0 = Release|Any CPU
		{76ADAB5B-9252-4C50-93C4-B22EA09766CF}.Release|x64.ActiveCfg = Release|Any CPU
		{76ADAB5B-9252-4C50-93C4-B22EA09766CF}.Release|x64.Build.0 = Release|Any CPU
		{76ADAB5B-9252-4C50-93C4-B22EA09766CF}.Release|x86.ActiveCfg = Release|Any CPU
		{76ADAB5B-9252-4C50-93C4-B22EA09766CF}.Release|x86.Build.0 = Release|Any CPU
		{1C7BB639-0659-458A-AF55-4EE84EA88B36}.Debug|Any CPU.ActiveCfg = Debug|Any CPU
		{1C7BB639-0659-458A-AF55-4EE84EA88B36}.Debug|Any CPU.Build.0 = Debug|Any CPU
		{1C7BB639-0659-458A-AF55-4EE84EA88B36}.Debug|x64.ActiveCfg = Debug|Any CPU
		{1C7BB639-0659-458A-AF55-4EE84EA88B36}.Debug|x64.Build.0 = Debug|Any CPU
		{1C7BB639-0659-458A-AF55-4EE84EA88B36}.Debug|x86.ActiveCfg = Debug|Any CPU
		{1C7BB639-0659-458A-AF55-4EE84EA88B36}.Debug|x86.Build.0 = Debug|Any CPU
		{1C7BB639-0659-458A-AF55-4EE84EA88B36}.Release|Any CPU.ActiveCfg = Release|Any CPU
		{1C7BB639-0659-458A-AF55-4EE84EA88B36}.Release|Any CPU.Build.0 = Release|Any CPU
		{1C7BB639-0659-458A-AF55-4EE84EA88B36}.Release|x64.ActiveCfg = Release|Any CPU
		{1C7BB639-0659-458A-AF55-4EE84EA88B36}.Release|x64.Build.0 = Release|Any CPU
		{1C7BB639-0659-458A-AF55-4EE84EA88B36}.Release|x86.ActiveCfg = Release|Any CPU
		{1C7BB639-0659-458A-AF55-4EE84EA88B36}.Release|x86.Build.0 = Release|Any CPU
		{2A9C4D6D-992A-41E3-B14F-676754AEFD97}.Debug|Any CPU.ActiveCfg = Debug|Any CPU
		{2A9C4D6D-992A-41E3-B14F-676754AEFD97}.Debug|Any CPU.Build.0 = Debug|Any CPU
		{2A9C4D6D-992A-41E3-B14F-676754AEFD97}.Debug|x64.ActiveCfg = Debug|Any CPU
		{2A9C4D6D-992A-41E3-B14F-676754AEFD97}.Debug|x64.Build.0 = Debug|Any CPU
		{2A9C4D6D-992A-41E3-B14F-676754AEFD97}.Debug|x86.ActiveCfg = Debug|Any CPU
		{2A9C4D6D-992A-41E3-B14F-676754AEFD97}.Debug|x86.Build.0 = Debug|Any CPU
		{2A9C4D6D-992A-41E3-B14F-676754AEFD97}.Release|Any CPU.ActiveCfg = Release|Any CPU
		{2A9C4D6D-992A-41E3-B14F-676754AEFD97}.Release|Any CPU.Build.0 = Release|Any CPU
		{2A9C4D6D-992A-41E3-B14F-676754AEFD97}.Release|x64.ActiveCfg = Release|Any CPU
		{2A9C4D6D-992A-41E3-B14F-676754AEFD97}.Release|x64.Build.0 = Release|Any CPU
		{2A9C4D6D-992A-41E3-B14F-676754AEFD97}.Release|x86.ActiveCfg = Release|Any CPU
		{2A9C4D6D-992A-41E3-B14F-676754AEFD97}.Release|x86.Build.0 = Release|Any CPU
	EndGlobalSection
EndGlobal
